// !$*UTF8*$!
{
	archiveVersion = 1;
	classes = {
	};
	objectVersion = 46;
	objects = {

/* Begin PBXBuildFile section */
		1648E4C91EF039DA009E427F /* FlickrImageCollectionViewCell.swift in Sources */ = {isa = PBXBuildFile; fileRef = 1648E4C81EF039DA009E427F /* FlickrImageCollectionViewCell.swift */; };
		167E3C021EEAEABF005AC20B /* Constants.swift in Sources */ = {isa = PBXBuildFile; fileRef = 167E3C011EEAEABF005AC20B /* Constants.swift */; };
		167E3C051EEB0089005AC20B /* Model.xcdatamodeld in Sources */ = {isa = PBXBuildFile; fileRef = 167E3C031EEB0089005AC20B /* Model.xcdatamodeld */; };
		167E3C081EEB0323005AC20B /* AlbumViewController.swift in Sources */ = {isa = PBXBuildFile; fileRef = 167E3C071EEB0323005AC20B /* AlbumViewController.swift */; };
		167E3C0A1EEB4884005AC20B /* FIConstants.swift in Sources */ = {isa = PBXBuildFile; fileRef = 167E3C091EEB4884005AC20B /* FIConstants.swift */; };
		16A7CA601EF0726C005D0F58 /* Pin.swift in Sources */ = {isa = PBXBuildFile; fileRef = 16A7CA5C1EF0726C005D0F58 /* Pin.swift */; };
		16A7CA611EF0726C005D0F58 /* Pin+CoreDataProperties.swift in Sources */ = {isa = PBXBuildFile; fileRef = 16A7CA5D1EF0726C005D0F58 /* Pin+CoreDataProperties.swift */; };
		16A7CA621EF0726C005D0F58 /* Photo.swift in Sources */ = {isa = PBXBuildFile; fileRef = 16A7CA5E1EF0726C005D0F58 /* Photo.swift */; };
		16A7CA631EF0726C005D0F58 /* Photo+CoreDataProperties.swift in Sources */ = {isa = PBXBuildFile; fileRef = 16A7CA5F1EF0726C005D0F58 /* Photo+CoreDataProperties.swift */; };
		16B8B37E1EEC0E5B0033EBA7 /* CoreDataViewController.swift in Sources */ = {isa = PBXBuildFile; fileRef = 16B8B37D1EEC0E5B0033EBA7 /* CoreDataViewController.swift */; };
		16D850971EEB59FE003F4FC6 /* FIClient.swift in Sources */ = {isa = PBXBuildFile; fileRef = 16D850961EEB59FE003F4FC6 /* FIClient.swift */; };
		16D850991EEB5FE9003F4FC6 /* VTNetworking.swift in Sources */ = {isa = PBXBuildFile; fileRef = 16D850981EEB5FE9003F4FC6 /* VTNetworking.swift */; };
		16E2D3EE1EE99CCF00466ABB /* AppDelegate.swift in Sources */ = {isa = PBXBuildFile; fileRef = 16E2D3ED1EE99CCF00466ABB /* AppDelegate.swift */; };
		16E2D3F01EE99CCF00466ABB /* TravelLocationMapsViewController.swift in Sources */ = {isa = PBXBuildFile; fileRef = 16E2D3EF1EE99CCF00466ABB /* TravelLocationMapsViewController.swift */; };
		16E2D3F31EE99CCF00466ABB /* Main.storyboard in Resources */ = {isa = PBXBuildFile; fileRef = 16E2D3F11EE99CCF00466ABB /* Main.storyboard */; };
		16E2D3F51EE99CCF00466ABB /* Assets.xcassets in Resources */ = {isa = PBXBuildFile; fileRef = 16E2D3F41EE99CCF00466ABB /* Assets.xcassets */; };
		16E2D3F81EE99CCF00466ABB /* LaunchScreen.storyboard in Resources */ = {isa = PBXBuildFile; fileRef = 16E2D3F61EE99CCF00466ABB /* LaunchScreen.storyboard */; };
		16E2D4011EE9DBD700466ABB /* CoreDataStack.swift in Sources */ = {isa = PBXBuildFile; fileRef = 16E2D4001EE9DBD700466ABB /* CoreDataStack.swift */; };
		16E2D4041EE9DCC500466ABB /* MapKit.framework in Frameworks */ = {isa = PBXBuildFile; fileRef = 16E2D4031EE9DCC500466ABB /* MapKit.framework */; };
/* End PBXBuildFile section */

/* Begin PBXFileReference section */
		1648E4C81EF039DA009E427F /* FlickrImageCollectionViewCell.swift */ = {isa = PBXFileReference; fileEncoding = 4; lastKnownFileType = sourcecode.swift; path = FlickrImageCollectionViewCell.swift; sourceTree = "<group>"; };
		167E3C011EEAEABF005AC20B /* Constants.swift */ = {isa = PBXFileReference; fileEncoding = 4; lastKnownFileType = sourcecode.swift; path = Constants.swift; sourceTree = "<group>"; };
		167E3C041EEB0089005AC20B /* Model.xcdatamodel */ = {isa = PBXFileReference; lastKnownFileType = wrapper.xcdatamodel; path = Model.xcdatamodel; sourceTree = "<group>"; };
		167E3C071EEB0323005AC20B /* AlbumViewController.swift */ = {isa = PBXFileReference; fileEncoding = 4; lastKnownFileType = sourcecode.swift; path = AlbumViewController.swift; sourceTree = "<group>"; };
		167E3C091EEB4884005AC20B /* FIConstants.swift */ = {isa = PBXFileReference; fileEncoding = 4; lastKnownFileType = sourcecode.swift; path = FIConstants.swift; sourceTree = "<group>"; };
		16A7CA5C1EF0726C005D0F58 /* Pin.swift */ = {isa = PBXFileReference; fileEncoding = 4; lastKnownFileType = sourcecode.swift; name = Pin.swift; path = ../Pin.swift; sourceTree = "<group>"; };
		16A7CA5D1EF0726C005D0F58 /* Pin+CoreDataProperties.swift */ = {isa = PBXFileReference; fileEncoding = 4; lastKnownFileType = sourcecode.swift; name = "Pin+CoreDataProperties.swift"; path = "../Pin+CoreDataProperties.swift"; sourceTree = "<group>"; };
		16A7CA5E1EF0726C005D0F58 /* Photo.swift */ = {isa = PBXFileReference; fileEncoding = 4; lastKnownFileType = sourcecode.swift; name = Photo.swift; path = ../Photo.swift; sourceTree = "<group>"; };
		16A7CA5F1EF0726C005D0F58 /* Photo+CoreDataProperties.swift */ = {isa = PBXFileReference; fileEncoding = 4; lastKnownFileType = sourcecode.swift; name = "Photo+CoreDataProperties.swift"; path = "../Photo+CoreDataProperties.swift"; sourceTree = "<group>"; };
		16B8B37D1EEC0E5B0033EBA7 /* CoreDataViewController.swift */ = {isa = PBXFileReference; fileEncoding = 4; lastKnownFileType = sourcecode.swift; path = CoreDataViewController.swift; sourceTree = "<group>"; };
		16D850961EEB59FE003F4FC6 /* FIClient.swift */ = {isa = PBXFileReference; fileEncoding = 4; lastKnownFileType = sourcecode.swift; path = FIClient.swift; sourceTree = "<group>"; };
		16D850981EEB5FE9003F4FC6 /* VTNetworking.swift */ = {isa = PBXFileReference; fileEncoding = 4; lastKnownFileType = sourcecode.swift; path = VTNetworking.swift; sourceTree = "<group>"; };
		16E2D3EA1EE99CCF00466ABB /* ios-virtual-tourist.app */ = {isa = PBXFileReference; explicitFileType = wrapper.application; includeInIndex = 0; path = "ios-virtual-tourist.app"; sourceTree = BUILT_PRODUCTS_DIR; };
		16E2D3ED1EE99CCF00466ABB /* AppDelegate.swift */ = {isa = PBXFileReference; lastKnownFileType = sourcecode.swift; path = AppDelegate.swift; sourceTree = "<group>"; };
		16E2D3EF1EE99CCF00466ABB /* TravelLocationMapsViewController.swift */ = {isa = PBXFileReference; lastKnownFileType = sourcecode.swift; path = TravelLocationMapsViewController.swift; sourceTree = "<group>"; };
		16E2D3F21EE99CCF00466ABB /* Base */ = {isa = PBXFileReference; lastKnownFileType = file.storyboard; name = Base; path = Base.lproj/Main.storyboard; sourceTree = "<group>"; };
		16E2D3F41EE99CCF00466ABB /* Assets.xcassets */ = {isa = PBXFileReference; lastKnownFileType = folder.assetcatalog; path = Assets.xcassets; sourceTree = "<group>"; };
		16E2D3F71EE99CCF00466ABB /* Base */ = {isa = PBXFileReference; lastKnownFileType = file.storyboard; name = Base; path = Base.lproj/LaunchScreen.storyboard; sourceTree = "<group>"; };
		16E2D3F91EE99CCF00466ABB /* Info.plist */ = {isa = PBXFileReference; lastKnownFileType = text.plist.xml; path = Info.plist; sourceTree = "<group>"; };
		16E2D4001EE9DBD700466ABB /* CoreDataStack.swift */ = {isa = PBXFileReference; fileEncoding = 4; lastKnownFileType = sourcecode.swift; path = CoreDataStack.swift; sourceTree = "<group>"; };
		16E2D4031EE9DCC500466ABB /* MapKit.framework */ = {isa = PBXFileReference; lastKnownFileType = wrapper.framework; name = MapKit.framework; path = System/Library/Frameworks/MapKit.framework; sourceTree = SDKROOT; };
/* End PBXFileReference section */

/* Begin PBXFrameworksBuildPhase section */
		16E2D3E71EE99CCF00466ABB /* Frameworks */ = {
			isa = PBXFrameworksBuildPhase;
			buildActionMask = 2147483647;
			files = (
				16E2D4041EE9DCC500466ABB /* MapKit.framework in Frameworks */,
			);
			runOnlyForDeploymentPostprocessing = 0;
		};
/* End PBXFrameworksBuildPhase section */

/* Begin PBXGroup section */
		167E3C061EEB0098005AC20B /* Model */ = {
			isa = PBXGroup;
			children = (
				167E3C031EEB0089005AC20B /* Model.xcdatamodeld */,
				16A7CA5C1EF0726C005D0F58 /* Pin.swift */,
				16A7CA5D1EF0726C005D0F58 /* Pin+CoreDataProperties.swift */,
				16A7CA5E1EF0726C005D0F58 /* Photo.swift */,
				16A7CA5F1EF0726C005D0F58 /* Photo+CoreDataProperties.swift */,
			);
			name = Model;
			sourceTree = "<group>";
		};
		167E3C0B1EEB488C005AC20B /* Flickr */ = {
			isa = PBXGroup;
			children = (
				167E3C091EEB4884005AC20B /* FIConstants.swift */,
				16D850961EEB59FE003F4FC6 /* FIClient.swift */,
			);
			name = Flickr;
			sourceTree = "<group>";
		};
		16D8509A1EEB5FF0003F4FC6 /* Networking */ = {
			isa = PBXGroup;
			children = (
				16D850981EEB5FE9003F4FC6 /* VTNetworking.swift */,
				167E3C0B1EEB488C005AC20B /* Flickr */,
			);
			name = Networking;
			sourceTree = "<group>";
		};
		16E2D3E11EE99CCF00466ABB = {
			isa = PBXGroup;
			children = (
				16E2D3EC1EE99CCF00466ABB /* ios-virtual-tourist */,
				16E2D3EB1EE99CCF00466ABB /* Products */,
				16E2D4021EE9DCC500466ABB /* Frameworks */,
			);
			sourceTree = "<group>";
		};
		16E2D3EB1EE99CCF00466ABB /* Products */ = {
			isa = PBXGroup;
			children = (
				16E2D3EA1EE99CCF00466ABB /* ios-virtual-tourist.app */,
			);
			name = Products;
			sourceTree = "<group>";
		};
		16E2D3EC1EE99CCF00466ABB /* ios-virtual-tourist */ = {
			isa = PBXGroup;
			children = (
				16E2D3ED1EE99CCF00466ABB /* AppDelegate.swift */,
				167E3C011EEAEABF005AC20B /* Constants.swift */,
				16E2D4001EE9DBD700466ABB /* CoreDataStack.swift */,
				16D8509A1EEB5FF0003F4FC6 /* Networking */,
				167E3C061EEB0098005AC20B /* Model */,
				16E2D3FF1EE9DB6100466ABB /* ViewControllers */,
				16E2D3F11EE99CCF00466ABB /* Main.storyboard */,
				16E2D3F41EE99CCF00466ABB /* Assets.xcassets */,
				16E2D3F61EE99CCF00466ABB /* LaunchScreen.storyboard */,
				16E2D3F91EE99CCF00466ABB /* Info.plist */,
			);
			path = "ios-virtual-tourist";
			sourceTree = "<group>";
		};
		16E2D3FF1EE9DB6100466ABB /* ViewControllers */ = {
			isa = PBXGroup;
			children = (
				16B8B37D1EEC0E5B0033EBA7 /* CoreDataViewController.swift */,
				16E2D3EF1EE99CCF00466ABB /* TravelLocationMapsViewController.swift */,
				167E3C071EEB0323005AC20B /* AlbumViewController.swift */,
				1648E4C81EF039DA009E427F /* FlickrImageCollectionViewCell.swift */,
			);
			name = ViewControllers;
			sourceTree = "<group>";
		};
		16E2D4021EE9DCC500466ABB /* Frameworks */ = {
			isa = PBXGroup;
			children = (
				16E2D4031EE9DCC500466ABB /* MapKit.framework */,
			);
			name = Frameworks;
			sourceTree = "<group>";
		};
/* End PBXGroup section */

/* Begin PBXNativeTarget section */
		16E2D3E91EE99CCF00466ABB /* ios-virtual-tourist */ = {
			isa = PBXNativeTarget;
			buildConfigurationList = 16E2D3FC1EE99CCF00466ABB /* Build configuration list for PBXNativeTarget "ios-virtual-tourist" */;
			buildPhases = (
				16E2D3E61EE99CCF00466ABB /* Sources */,
				16E2D3E71EE99CCF00466ABB /* Frameworks */,
				16E2D3E81EE99CCF00466ABB /* Resources */,
			);
			buildRules = (
			);
			dependencies = (
			);
			name = "ios-virtual-tourist";
			productName = "ios-virtual-tourist";
			productReference = 16E2D3EA1EE99CCF00466ABB /* ios-virtual-tourist.app */;
			productType = "com.apple.product-type.application";
		};
/* End PBXNativeTarget section */

/* Begin PBXProject section */
		16E2D3E21EE99CCF00466ABB /* Project object */ = {
			isa = PBXProject;
			attributes = {
				LastSwiftUpdateCheck = 0830;
				LastUpgradeCheck = 0830;
				ORGANIZATIONNAME = "Idelfonso Gutierrez Jr.";
				TargetAttributes = {
					16E2D3E91EE99CCF00466ABB = {
						CreatedOnToolsVersion = 8.3.1;
						DevelopmentTeam = M74HARNN5W;
						ProvisioningStyle = Automatic;
						SystemCapabilities = {
							com.apple.Maps.iOS = {
								enabled = 1;
							};
						};
					};
				};
			};
			buildConfigurationList = 16E2D3E51EE99CCF00466ABB /* Build configuration list for PBXProject "ios-virtual-tourist" */;
			compatibilityVersion = "Xcode 3.2";
			developmentRegion = English;
			hasScannedForEncodings = 0;
			knownRegions = (
				en,
				Base,
			);
			mainGroup = 16E2D3E11EE99CCF00466ABB;
			productRefGroup = 16E2D3EB1EE99CCF00466ABB /* Products */;
			projectDirPath = "";
			projectRoot = "";
			targets = (
				16E2D3E91EE99CCF00466ABB /* ios-virtual-tourist */,
			);
		};
/* End PBXProject section */

/* Begin PBXResourcesBuildPhase section */
		16E2D3E81EE99CCF00466ABB /* Resources */ = {
			isa = PBXResourcesBuildPhase;
			buildActionMask = 2147483647;
			files = (
				16E2D3F81EE99CCF00466ABB /* LaunchScreen.storyboard in Resources */,
				16E2D3F51EE99CCF00466ABB /* Assets.xcassets in Resources */,
				16E2D3F31EE99CCF00466ABB /* Main.storyboard in Resources */,
			);
			runOnlyForDeploymentPostprocessing = 0;
		};
/* End PBXResourcesBuildPhase section */

/* Begin PBXSourcesBuildPhase section */
		16E2D3E61EE99CCF00466ABB /* Sources */ = {
			isa = PBXSourcesBuildPhase;
			buildActionMask = 2147483647;
			files = (
				167E3C081EEB0323005AC20B /* AlbumViewController.swift in Sources */,
				16E2D4011EE9DBD700466ABB /* CoreDataStack.swift in Sources */,
				16B8B37E1EEC0E5B0033EBA7 /* CoreDataViewController.swift in Sources */,
				16A7CA631EF0726C005D0F58 /* Photo+CoreDataProperties.swift in Sources */,
				16E2D3F01EE99CCF00466ABB /* TravelLocationMapsViewController.swift in Sources */,
				167E3C051EEB0089005AC20B /* Model.xcdatamodeld in Sources */,
				16E2D3EE1EE99CCF00466ABB /* AppDelegate.swift in Sources */,
				1648E4C91EF039DA009E427F /* FlickrImageCollectionViewCell.swift in Sources */,
				167E3C021EEAEABF005AC20B /* Constants.swift in Sources */,
				16A7CA621EF0726C005D0F58 /* Photo.swift in Sources */,
				167E3C0A1EEB4884005AC20B /* FIConstants.swift in Sources */,
				16A7CA601EF0726C005D0F58 /* Pin.swift in Sources */,
				16A7CA611EF0726C005D0F58 /* Pin+CoreDataProperties.swift in Sources */,
				16D850971EEB59FE003F4FC6 /* FIClient.swift in Sources */,
				16D850991EEB5FE9003F4FC6 /* VTNetworking.swift in Sources */,
			);
			runOnlyForDeploymentPostprocessing = 0;
		};
/* End PBXSourcesBuildPhase section */

/* Begin PBXVariantGroup section */
		16E2D3F11EE99CCF00466ABB /* Main.storyboard */ = {
			isa = PBXVariantGroup;
			children = (
				16E2D3F21EE99CCF00466ABB /* Base */,
			);
			name = Main.storyboard;
			sourceTree = "<group>";
		};
		16E2D3F61EE99CCF00466ABB /* LaunchScreen.storyboard */ = {
			isa = PBXVariantGroup;
			children = (
				16E2D3F71EE99CCF00466ABB /* Base */,
			);
			name = LaunchScreen.storyboard;
			sourceTree = "<group>";
		};
/* End PBXVariantGroup section */

/* Begin XCBuildConfiguration section */
		16E2D3FA1EE99CCF00466ABB /* Debug */ = {
			isa = XCBuildConfiguration;
			buildSettings = {
				ALWAYS_SEARCH_USER_PATHS = NO;
				CLANG_ANALYZER_NONNULL = YES;
				CLANG_ANALYZER_NUMBER_OBJECT_CONVERSION = YES_AGGRESSIVE;
				CLANG_CXX_LANGUAGE_STANDARD = "gnu++0x";
				CLANG_CXX_LIBRARY = "libc++";
				CLANG_ENABLE_MODULES = YES;
				CLANG_ENABLE_OBJC_ARC = YES;
				CLANG_WARN_BOOL_CONVERSION = YES;
				CLANG_WARN_CONSTANT_CONVERSION = YES;
				CLANG_WARN_DIRECT_OBJC_ISA_USAGE = YES_ERROR;
				CLANG_WARN_DOCUMENTATION_COMMENTS = YES;
				CLANG_WARN_EMPTY_BODY = YES;
				CLANG_WARN_ENUM_CONVERSION = YES;
				CLANG_WARN_INFINITE_RECURSION = YES;
				CLANG_WARN_INT_CONVERSION = YES;
				CLANG_WARN_OBJC_ROOT_CLASS = YES_ERROR;
				CLANG_WARN_SUSPICIOUS_MOVE = YES;
				CLANG_WARN_UNREACHABLE_CODE = YES;
				CLANG_WARN__DUPLICATE_METHOD_MATCH = YES;
				"CODE_SIGN_IDENTITY[sdk=iphoneos*]" = "iPhone Developer";
				COPY_PHASE_STRIP = NO;
				DEBUG_INFORMATION_FORMAT = dwarf;
				ENABLE_STRICT_OBJC_MSGSEND = YES;
				ENABLE_TESTABILITY = YES;
				GCC_C_LANGUAGE_STANDARD = gnu99;
				GCC_DYNAMIC_NO_PIC = NO;
				GCC_NO_COMMON_BLOCKS = YES;
				GCC_OPTIMIZATION_LEVEL = 0;
				GCC_PREPROCESSOR_DEFINITIONS = (
					"DEBUG=1",
					"$(inherited)",
				);
				GCC_WARN_64_TO_32_BIT_CONVERSION = YES;
				GCC_WARN_ABOUT_RETURN_TYPE = YES_ERROR;
				GCC_WARN_UNDECLARED_SELECTOR = YES;
				GCC_WARN_UNINITIALIZED_AUTOS = YES_AGGRESSIVE;
				GCC_WARN_UNUSED_FUNCTION = YES;
				GCC_WARN_UNUSED_VARIABLE = YES;
				IPHONEOS_DEPLOYMENT_TARGET = 10.3;
				MTL_ENABLE_DEBUG_INFO = YES;
				ONLY_ACTIVE_ARCH = YES;
				SDKROOT = iphoneos;
				SWIFT_ACTIVE_COMPILATION_CONDITIONS = DEBUG;
				SWIFT_OPTIMIZATION_LEVEL = "-Onone";
				TARGETED_DEVICE_FAMILY = "1,2";
			};
			name = Debug;
		};
		16E2D3FB1EE99CCF00466ABB /* Release */ = {
			isa = XCBuildConfiguration;
			buildSettings = {
				ALWAYS_SEARCH_USER_PATHS = NO;
				CLANG_ANALYZER_NONNULL = YES;
				CLANG_ANALYZER_NUMBER_OBJECT_CONVERSION = YES_AGGRESSIVE;
				CLANG_CXX_LANGUAGE_STANDARD = "gnu++0x";
				CLANG_CXX_LIBRARY = "libc++";
				CLANG_ENABLE_MODULES = YES;
				CLANG_ENABLE_OBJC_ARC = YES;
				CLANG_WARN_BOOL_CONVERSION = YES;
				CLANG_WARN_CONSTANT_CONVERSION = YES;
				CLANG_WARN_DIRECT_OBJC_ISA_USAGE = YES_ERROR;
				CLANG_WARN_DOCUMENTATION_COMMENTS = YES;
				CLANG_WARN_EMPTY_BODY = YES;
				CLANG_WARN_ENUM_CONVERSION = YES;
				CLANG_WARN_INFINITE_RECURSION = YES;
				CLANG_WARN_INT_CONVERSION = YES;
				CLANG_WARN_OBJC_ROOT_CLASS = YES_ERROR;
				CLANG_WARN_SUSPICIOUS_MOVE = YES;
				CLANG_WARN_UNREACHABLE_CODE = YES;
				CLANG_WARN__DUPLICATE_METHOD_MATCH = YES;
				"CODE_SIGN_IDENTITY[sdk=iphoneos*]" = "iPhone Developer";
				COPY_PHASE_STRIP = NO;
				DEBUG_INFORMATION_FORMAT = "dwarf-with-dsym";
				ENABLE_NS_ASSERTIONS = NO;
				ENABLE_STRICT_OBJC_MSGSEND = YES;
				GCC_C_LANGUAGE_STANDARD = gnu99;
				GCC_NO_COMMON_BLOCKS = YES;
				GCC_WARN_64_TO_32_BIT_CONVERSION = YES;
				GCC_WARN_ABOUT_RETURN_TYPE = YES_ERROR;
				GCC_WARN_UNDECLARED_SELECTOR = YES;
				GCC_WARN_UNINITIALIZED_AUTOS = YES_AGGRESSIVE;
				GCC_WARN_UNUSED_FUNCTION = YES;
				GCC_WARN_UNUSED_VARIABLE = YES;
				IPHONEOS_DEPLOYMENT_TARGET = 10.3;
				MTL_ENABLE_DEBUG_INFO = NO;
				SDKROOT = iphoneos;
				SWIFT_OPTIMIZATION_LEVEL = "-Owholemodule";
				TARGETED_DEVICE_FAMILY = "1,2";
				VALIDATE_PRODUCT = YES;
			};
			name = Release;
		};
		16E2D3FD1EE99CCF00466ABB /* Debug */ = {
			isa = XCBuildConfiguration;
			buildSettings = {
				ASSETCATALOG_COMPILER_APPICON_NAME = AppIcon;
				DEVELOPMENT_TEAM = M74HARNN5W;
				INFOPLIST_FILE = "ios-virtual-tourist/Info.plist";
				LD_RUNPATH_SEARCH_PATHS = "$(inherited) @executable_path/Frameworks";
				PRODUCT_BUNDLE_IDENTIFIER = "com.idelfonso.ios-virtual-tourist";
				PRODUCT_NAME = "$(TARGET_NAME)";
				SWIFT_VERSION = 3.0;
			};
			name = Debug;
		};
		16E2D3FE1EE99CCF00466ABB /* Release */ = {
			isa = XCBuildConfiguration;
			buildSettings = {
				ASSETCATALOG_COMPILER_APPICON_NAME = AppIcon;
				DEVELOPMENT_TEAM = M74HARNN5W;
				INFOPLIST_FILE = "ios-virtual-tourist/Info.plist";
				LD_RUNPATH_SEARCH_PATHS = "$(inherited) @executable_path/Frameworks";
				PRODUCT_BUNDLE_IDENTIFIER = "com.idelfonso.ios-virtual-tourist";
				PRODUCT_NAME = "$(TARGET_NAME)";
				SWIFT_VERSION = 3.0;
			};
			name = Release;
		};
/* End XCBuildConfiguration section */

/* Begin XCConfigurationList section */
		16E2D3E51EE99CCF00466ABB /* Build configuration list for PBXProject "ios-virtual-tourist" */ = {
			isa = XCConfigurationList;
			buildConfigurations = (
				16E2D3FA1EE99CCF00466ABB /* Debug */,
				16E2D3FB1EE99CCF00466ABB /* Release */,
			);
			defaultConfigurationIsVisible = 0;
			defaultConfigurationName = Release;
		};
		16E2D3FC1EE99CCF00466ABB /* Build configuration list for PBXNativeTarget "ios-virtual-tourist" */ = {
			isa = XCConfigurationList;
			buildConfigurations = (
				16E2D3FD1EE99CCF00466ABB /* Debug */,
				16E2D3FE1EE99CCF00466ABB /* Release */,
			);
			defaultConfigurationIsVisible = 0;
			defaultConfigurationName = Release;
		};
/* End XCConfigurationList section */

/* Begin XCVersionGroup section */
		167E3C031EEB0089005AC20B /* Model.xcdatamodeld */ = {
			isa = XCVersionGroup;
			children = (
				167E3C041EEB0089005AC20B /* Model.xcdatamodel */,
			);
			currentVersion = 167E3C041EEB0089005AC20B /* Model.xcdatamodel */;
			path = Model.xcdatamodeld;
			sourceTree = "<group>";
			versionGroupType = wrapper.xcdatamodel;
		};
/* End XCVersionGroup section */
	};
	rootObject = 16E2D3E21EE99CCF00466ABB /* Project object */;
}
